
Microsoft Visual Studio Solution File, Format Version 12.00
# Visual Studio 2013
VisualStudioVersion = 12.0.21005.1
MinimumVisualStudioVersion = 10.0.40219.1
Project("{8BC9CEB8-8B4A-11D0-8D11-00A0C91BC942}") = "opensift", "opensift\opensift.vcxproj", "{B7574878-5F60-4557-9474-E8D249A8A173}"
EndProject
Global
	GlobalSection(SolutionConfigurationPlatforms) = preSolution
		Debug|Win32 = Debug|Win32
		Release|Win32 = Release|Win32
	EndGlobalSection
	GlobalSection(ProjectConfigurationPlatforms) = postSolution
		{B7574878-5F60-4557-9474-E8D249A8A173}.Debug|Win32.ActiveCfg = Debug|Win32
		{B7574878-5F60-4557-9474-E8D249A8A173}.Debug|Win32.Build.0 = Debug|Win32
		{B7574878-5F60-4557-9474-E8D249A8A173}.Release|Win32.ActiveCfg = Release|Win32
		{B7574878-5F60-4557-9474-E8D249A8A173}.Release|Win32.Build.0 = Release|Win32
	EndGlobalSection
	GlobalSection(SolutionProperties) = preSolution
		HideSolutionNode = FALSE
	EndGlobalSection
EndGlobal
